
Microsoft Visual Studio Solution File, Format Version 12.00
# Visual Studio 2013
VisualStudioVersion = 12.0.40629.0
MinimumVisualStudioVersion = 10.0.40219.1
Project("{FAE04EC0-301F-11D3-BF4B-00C04F79EFBC}") = "DemoCard.Droid", "DemoCard\DemoCard.Droid\DemoCard.Droid.csproj", "{CA1B68BD-E6C0-4676-854E-4DE7F48F11D3}"
EndProject
Project("{FAE04EC0-301F-11D3-BF4B-00C04F79EFBC}") = "DemoCard.iOS", "DemoCard\DemoCard.iOS\DemoCard.iOS.csproj", "{4F2D7EE2-455E-4818-A9FE-02D420BEE275}"
EndProject
Project("{FAE04EC0-301F-11D3-BF4B-00C04F79EFBC}") = "DemoCard.WinPhone", "DemoCard\DemoCard.WinPhone\DemoCard.WinPhone.csproj", "{2A09687E-C765-43EC-9337-AFD40CECD2E8}"
EndProject
Project("{FAE04EC0-301F-11D3-BF4B-00C04F79EFBC}") = "DemoCard", "DemoCard\DemoCard\DemoCard.csproj", "{9CD1C3A1-48D3-4146-A6E3-B6260F79940B}"
EndProject
Global
	GlobalSection(SolutionConfigurationPlatforms) = preSolution
		Ad-Hoc|Any CPU = Ad-Hoc|Any CPU
		Ad-Hoc|ARM = Ad-Hoc|ARM
		Ad-Hoc|iPhone = Ad-Hoc|iPhone
		Ad-Hoc|iPhoneSimulator = Ad-Hoc|iPhoneSimulator
		Ad-Hoc|Mixed Platforms = Ad-Hoc|Mixed Platforms
		Ad-Hoc|x86 = Ad-Hoc|x86
		AppStore|Any CPU = AppStore|Any CPU
		AppStore|ARM = AppStore|ARM
		AppStore|iPhone = AppStore|iPhone
		AppStore|iPhoneSimulator = AppStore|iPhoneSimulator
		AppStore|Mixed Platforms = AppStore|Mixed Platforms
		AppStore|x86 = AppStore|x86
		Debug|Any CPU = Debug|Any CPU
		Debug|ARM = Debug|ARM
		Debug|iPhone = Debug|iPhone
		Debug|iPhoneSimulator = Debug|iPhoneSimulator
		Debug|Mixed Platforms = Debug|Mixed Platforms
		Debug|x86 = Debug|x86
		Release|Any CPU = Release|Any CPU
		Release|ARM = Release|ARM
		Release|iPhone = Release|iPhone
		Release|iPhoneSimulator = Release|iPhoneSimulator
		Release|Mixed Platforms = Release|Mixed Platforms
		Release|x86 = Release|x86
	EndGlobalSection
	GlobalSection(ProjectConfigurationPlatforms) = postSolution
		{CA1B68BD-E6C0-4676-854E-4DE7F48F11D3}.Ad-Hoc|Any CPU.ActiveCfg = Release|Any CPU
		{CA1B68BD-E6C0-4676-854E-4DE7F48F11D3}.Ad-Hoc|Any CPU.Build.0 = Release|Any CPU
		{CA1B68BD-E6C0-4676-854E-4DE7F48F11D3}.Ad-Hoc|Any CPU.Deploy.0 = Release|Any CPU
		{CA1B68BD-E6C0-4676-854E-4DE7F48F11D3}.Ad-Hoc|ARM.ActiveCfg = Release|Any CPU
		{CA1B68BD-E6C0-4676-854E-4DE7F48F11D3}.Ad-Hoc|iPhone.ActiveCfg = Release|Any CPU
		{CA1B68BD-E6C0-4676-854E-4DE7F48F11D3}.Ad-Hoc|iPhoneSimulator.ActiveCfg = Release|Any CPU
		{CA1B68BD-E6C0-4676-854E-4DE7F48F11D3}.Ad-Hoc|Mixed Platforms.ActiveCfg = Release|Any CPU
		{CA1B68BD-E6C0-4676-854E-4DE7F48F11D3}.Ad-Hoc|Mixed Platforms.Build.0 = Release|Any CPU
		{CA1B68BD-E6C0-4676-854E-4DE7F48F11D3}.Ad-Hoc|Mixed Platforms.Deploy.0 = Release|Any CPU
		{CA1B68BD-E6C0-4676-854E-4DE7F48F11D3}.Ad-Hoc|x86.ActiveCfg = Release|Any CPU
		{CA1B68BD-E6C0-4676-854E-4DE7F48F11D3}.AppStore|Any CPU.ActiveCfg = Release|Any CPU
		{CA1B68BD-E6C0-4676-854E-4DE7F48F11D3}.AppStore|Any CPU.Build.0 = Release|Any CPU
		{CA1B68BD-E6C0-4676-854E-4DE7F48F11D3}.AppStore|Any CPU.Deploy.0 = Release|Any CPU
		{CA1B68BD-E6C0-4676-854E-4DE7F48F11D3}.AppStore|ARM.ActiveCfg = Release|Any CPU
		{CA1B68BD-E6C0-4676-854E-4DE7F48F11D3}.AppStore|iPhone.ActiveCfg = Release|Any CPU
		{CA1B68BD-E6C0-4676-854E-4DE7F48F11D3}.AppStore|iPhoneSimulator.ActiveCfg = Release|Any CPU
		{CA1B68BD-E6C0-4676-854E-4DE7F48F11D3}.AppStore|Mixed Platforms.ActiveCfg = Release|Any CPU
		{CA1B68BD-E6C0-4676-854E-4DE7F48F11D3}.AppStore|Mixed Platforms.Build.0 = Release|Any CPU
		{CA1B68BD-E6C0-4676-854E-4DE7F48F11D3}.AppStore|Mixed Platforms.Deploy.0 = Release|Any CPU
		{CA1B68BD-E6C0-4676-854E-4DE7F48F11D3}.AppStore|x86.ActiveCfg = Release|Any CPU
		{CA1B68BD-E6C0-4676-854E-4DE7F48F11D3}.Debug|Any CPU.ActiveCfg = Debug|Any CPU
		{CA1B68BD-E6C0-4676-854E-4DE7F48F11D3}.Debug|Any CPU.Build.0 = Debug|Any CPU
		{CA1B68BD-E6C0-4676-854E-4DE7F48F11D3}.Debug|Any CPU.Deploy.0 = Debug|Any CPU
		{CA1B68BD-E6C0-4676-854E-4DE7F48F11D3}.Debug|ARM.ActiveCfg = Debug|Any CPU
		{CA1B68BD-E6C0-4676-854E-4DE7F48F11D3}.Debug|iPhone.ActiveCfg = Debug|Any CPU
		{CA1B68BD-E6C0-4676-854E-4DE7F48F11D3}.Debug|iPhoneSimulator.ActiveCfg = Debug|Any CPU
		{CA1B68BD-E6C0-4676-854E-4DE7F48F11D3}.Debug|Mixed Platforms.ActiveCfg = Debug|Any CPU
		{CA1B68BD-E6C0-4676-854E-4DE7F48F11D3}.Debug|Mixed Platforms.Build.0 = Debug|Any CPU
		{CA1B68BD-E6C0-4676-854E-4DE7F48F11D3}.Debug|Mixed Platforms.Deploy.0 = Debug|Any CPU
		{CA1B68BD-E6C0-4676-854E-4DE7F48F11D3}.Debug|x86.ActiveCfg = Debug|Any CPU
		{CA1B68BD-E6C0-4676-854E-4DE7F48F11D3}.Release|Any CPU.ActiveCfg = Release|Any CPU
		{CA1B68BD-E6C0-4676-854E-4DE7F48F11D3}.Release|Any CPU.Build.0 = Release|Any CPU
		{CA1B68BD-E6C0-4676-854E-4DE7F48F11D3}.Release|Any CPU.Deploy.0 = Release|Any CPU
		{CA1B68BD-E6C0-4676-854E-4DE7F48F11D3}.Release|ARM.ActiveCfg = Release|Any CPU
		{CA1B68BD-E6C0-4676-854E-4DE7F48F11D3}.Release|iPhone.ActiveCfg = Release|Any CPU
		{CA1B68BD-E6C0-4676-854E-4DE7F48F11D3}.Release|iPhoneSimulator.ActiveCfg = Release|Any CPU
		{CA1B68BD-E6C0-4676-854E-4DE7F48F11D3}.Release|Mixed Platforms.ActiveCfg = Release|Any CPU
		{CA1B68BD-E6C0-4676-854E-4DE7F48F11D3}.Release|Mixed Platforms.Build.0 = Release|Any CPU
		{CA1B68BD-E6C0-4676-854E-4DE7F48F11D3}.Release|Mixed Platforms.Deploy.0 = Release|Any CPU
		{CA1B68BD-E6C0-4676-854E-4DE7F48F11D3}.Release|x86.ActiveCfg = Release|Any CPU
		{4F2D7EE2-455E-4818-A9FE-02D420BEE275}.Ad-Hoc|Any CPU.ActiveCfg = Ad-Hoc|iPhone
		{4F2D7EE2-455E-4818-A9FE-02D420BEE275}.Ad-Hoc|ARM.ActiveCfg = Ad-Hoc|iPhone
		{4F2D7EE2-455E-4818-A9FE-02D420BEE275}.Ad-Hoc|iPhone.ActiveCfg = Ad-Hoc|iPhone
		{4F2D7EE2-455E-4818-A9FE-02D420BEE275}.Ad-Hoc|iPhone.Build.0 = Ad-Hoc|iPhone
		{4F2D7EE2-455E-4818-A9FE-02D420BEE275}.Ad-Hoc|iPhoneSimulator.ActiveCfg = Ad-Hoc|iPhoneSimulator
		{4F2D7EE2-455E-4818-A9FE-02D420BEE275}.Ad-Hoc|iPhoneSimulator.Build.0 = Ad-Hoc|iPhoneSimulator
		{4F2D7EE2-455E-4818-A9FE-02D420BEE275}.Ad-Hoc|Mixed Platforms.ActiveCfg = Ad-Hoc|iPhone
		{4F2D7EE2-455E-4818-A9FE-02D420BEE275}.Ad-Hoc|Mixed Platforms.Build.0 = Ad-Hoc|iPhone
		{4F2D7EE2-455E-4818-A9FE-02D420BEE275}.Ad-Hoc|x86.ActiveCfg = Ad-Hoc|iPhone
		{4F2D7EE2-455E-4818-A9FE-02D420BEE275}.AppStore|Any CPU.ActiveCfg = AppStore|iPhone
		{4F2D7EE2-455E-4818-A9FE-02D420BEE275}.AppStore|ARM.ActiveCfg = AppStore|iPhone
		{4F2D7EE2-455E-4818-A9FE-02D420BEE275}.AppStore|iPhone.ActiveCfg = AppStore|iPhone
		{4F2D7EE2-455E-4818-A9FE-02D420BEE275}.AppStore|iPhone.Build.0 = AppStore|iPhone
		{4F2D7EE2-455E-4818-A9FE-02D420BEE275}.AppStore|iPhoneSimulator.ActiveCfg = AppStore|iPhoneSimulator
		{4F2D7EE2-455E-4818-A9FE-02D420BEE275}.AppStore|iPhoneSimulator.Build.0 = AppStore|iPhoneSimulator
		{4F2D7EE2-455E-4818-A9FE-02D420BEE275}.AppStore|Mixed Platforms.ActiveCfg = AppStore|iPhone
		{4F2D7EE2-455E-4818-A9FE-02D420BEE275}.AppStore|Mixed Platforms.Build.0 = AppStore|iPhone
		{4F2D7EE2-455E-4818-A9FE-02D420BEE275}.AppStore|x86.ActiveCfg = AppStore|iPhone
		{4F2D7EE2-455E-4818-A9FE-02D420BEE275}.Debug|Any CPU.ActiveCfg = Debug|iPhone
		{4F2D7EE2-455E-4818-A9FE-02D420BEE275}.Debug|ARM.ActiveCfg = Debug|iPhone
		{4F2D7EE2-455E-4818-A9FE-02D420BEE275}.Debug|iPhone.ActiveCfg = Debug|iPhone
		{4F2D7EE2-455E-4818-A9FE-02D420BEE275}.Debug|iPhone.Build.0 = Debug|iPhone
		{4F2D7EE2-455E-4818-A9FE-02D420BEE275}.Debug|iPhoneSimulator.ActiveCfg = Debug|iPhoneSimulator
		{4F2D7EE2-455E-4818-A9FE-02D420BEE275}.Debug|iPhoneSimulator.Build.0 = Debug|iPhoneSimulator
		{4F2D7EE2-455E-4818-A9FE-02D420BEE275}.Debug|Mixed Platforms.ActiveCfg = Debug|iPhone
		{4F2D7EE2-455E-4818-A9FE-02D420BEE275}.Debug|Mixed Platforms.Build.0 = Debug|iPhone
		{4F2D7EE2-455E-4818-A9FE-02D420BEE275}.Debug|x86.ActiveCfg = Debug|iPhone
		{4F2D7EE2-455E-4818-A9FE-02D420BEE275}.Release|Any CPU.ActiveCfg = Release|iPhone
		{4F2D7EE2-455E-4818-A9FE-02D420BEE275}.Release|ARM.ActiveCfg = Release|iPhone
		{4F2D7EE2-455E-4818-A9FE-02D420BEE275}.Release|iPhone.ActiveCfg = Release|iPhone
		{4F2D7EE2-455E-4818-A9FE-02D420BEE275}.Release|iPhone.Build.0 = Release|iPhone
		{4F2D7EE2-455E-4818-A9FE-02D420BEE275}.Release|iPhoneSimulator.ActiveCfg = Release|iPhoneSimulator
		{4F2D7EE2-455E-4818-A9FE-02D420BEE275}.Release|iPhoneSimulator.Build.0 = Release|iPhoneSimulator
		{4F2D7EE2-455E-4818-A9FE-02D420BEE275}.Release|Mixed Platforms.ActiveCfg = Release|iPhone
		{4F2D7EE2-455E-4818-A9FE-02D420BEE275}.Release|Mixed Platforms.Build.0 = Release|iPhone
		{4F2D7EE2-455E-4818-A9FE-02D420BEE275}.Release|x86.ActiveCfg = Release|iPhone
		{2A09687E-C765-43EC-9337-AFD40CECD2E8}.Ad-Hoc|Any CPU.ActiveCfg = Release|Any CPU
		{2A09687E-C765-43EC-9337-AFD40CECD2E8}.Ad-Hoc|Any CPU.Build.0 = Release|Any CPU
		{2A09687E-C765-43EC-9337-AFD40CECD2E8}.Ad-Hoc|Any CPU.Deploy.0 = Release|Any CPU
		{2A09687E-C765-43EC-9337-AFD40CECD2E8}.Ad-Hoc|ARM.ActiveCfg = Release|ARM
		{2A09687E-C765-43EC-9337-AFD40CECD2E8}.Ad-Hoc|ARM.Build.0 = Release|ARM
		{2A09687E-C765-43EC-9337-AFD40CECD2E8}.Ad-Hoc|ARM.Deploy.0 = Release|ARM
		{2A09687E-C765-43EC-9337-AFD40CECD2E8}.Ad-Hoc|iPhone.ActiveCfg = Release|Any CPU
		{2A09687E-C765-43EC-9337-AFD40CECD2E8}.Ad-Hoc|iPhoneSimulator.ActiveCfg = Release|Any CPU
		{2A09687E-C765-43EC-9337-AFD40CECD2E8}.Ad-Hoc|Mixed Platforms.ActiveCfg = Release|x86
		{2A09687E-C765-43EC-9337-AFD40CECD2E8}.Ad-Hoc|Mixed Platforms.Build.0 = Release|x86
		{2A09687E-C765-43EC-9337-AFD40CECD2E8}.Ad-Hoc|Mixed Platforms.Deploy.0 = Release|x86
		{2A09687E-C765-43EC-9337-AFD40CECD2E8}.Ad-Hoc|x86.ActiveCfg = Release|x86
		{2A09687E-C765-43EC-9337-AFD40CECD2E8}.Ad-Hoc|x86.Build.0 = Release|x86
		{2A09687E-C765-43EC-9337-AFD40CECD2E8}.Ad-Hoc|x86.Deploy.0 = Release|x86
		{2A09687E-C765-43EC-9337-AFD40CECD2E8}.AppStore|Any CPU.ActiveCfg = Release|Any CPU
		{2A09687E-C765-43EC-9337-AFD40CECD2E8}.AppStore|Any CPU.Build.0 = Release|Any CPU
		{2A09687E-C765-43EC-9337-AFD40CECD2E8}.AppStore|Any CPU.Deploy.0 = Release|Any CPU
		{2A09687E-C765-43EC-9337-AFD40CECD2E8}.AppStore|ARM.ActiveCfg = Release|ARM
		{2A09687E-C765-43EC-9337-AFD40CECD2E8}.AppStore|ARM.Build.0 = Release|ARM
		{2A09687E-C765-43EC-9337-AFD40CECD2E8}.AppStore|ARM.Deploy.0 = Release|ARM
		{2A09687E-C765-43EC-9337-AFD40CECD2E8}.AppStore|iPhone.ActiveCfg = Release|Any CPU
		{2A09687E-C765-43EC-9337-AFD40CECD2E8}.AppStore|iPhoneSimulator.ActiveCfg = Release|Any CPU
		{2A09687E-C765-43EC-9337-AFD40CECD2E8}.AppStore|Mixed Platforms.ActiveCfg = Release|x86
		{2A09687E-C765-43EC-9337-AFD40CECD2E8}.AppStore|Mixed Platforms.Build.0 = Release|x86
		{2A09687E-C765-43EC-9337-AFD40CECD2E8}.AppStore|Mixed Platforms.Deploy.0 = Release|x86
		{2A09687E-C765-43EC-9337-AFD40CECD2E8}.AppStore|x86.ActiveCfg = Release|x86
		{2A09687E-C765-43EC-9337-AFD40CECD2E8}.AppStore|x86.Build.0 = Release|x86
		{2A09687E-C765-43EC-9337-AFD40CECD2E8}.AppStore|x86.Deploy.0 = Release|x86
		{2A09687E-C765-43EC-9337-AFD40CECD2E8}.Debug|Any CPU.ActiveCfg = Debug|Any CPU
		{2A09687E-C765-43EC-9337-AFD40CECD2E8}.Debug|Any CPU.Build.0 = Debug|Any CPU
		{2A09687E-C765-43EC-9337-AFD40CECD2E8}.Debug|Any CPU.Deploy.0 = Debug|Any CPU
		{2A09687E-C765-43EC-9337-AFD40CECD2E8}.Debug|ARM.ActiveCfg = Debug|ARM
		{2A09687E-C765-43EC-9337-AFD40CECD2E8}.Debug|ARM.Build.0 = Debug|ARM
		{2A09687E-C765-43EC-9337-AFD40CECD2E8}.Debug|ARM.Deploy.0 = Debug|ARM
		{2A09687E-C765-43EC-9337-AFD40CECD2E8}.Debug|iPhone.ActiveCfg = Debug|Any CPU
		{2A09687E-C765-43EC-9337-AFD40CECD2E8}.Debug|iPhoneSimulator.ActiveCfg = Debug|Any CPU
		{2A09687E-C765-43EC-9337-AFD40CECD2E8}.Debug|Mixed Platforms.ActiveCfg = Debug|x86
		{2A09687E-C765-43EC-9337-AFD40CECD2E8}.Debug|Mixed Platforms.Build.0 = Debug|x86
		{2A09687E-C765-43EC-9337-AFD40CECD2E8}.Debug|Mixed Platforms.Deploy.0 = Debug|x86
		{2A09687E-C765-43EC-9337-AFD40CECD2E8}.Debug|x86.ActiveCfg = Debug|x86
		{2A09687E-C765-43EC-9337-AFD40CECD2E8}.Debug|x86.Build.0 = Debug|x86
		{2A09687E-C765-43EC-9337-AFD40CECD2E8}.Debug|x86.Deploy.0 = Debug|x86
		{2A09687E-C765-43EC-9337-AFD40CECD2E8}.Release|Any CPU.ActiveCfg = Release|Any CPU
		{2A09687E-C765-43EC-9337-AFD40CECD2E8}.Release|Any CPU.Build.0 = Release|Any CPU
		{2A09687E-C765-43EC-9337-AFD40CECD2E8}.Release|Any CPU.Deploy.0 = Release|Any CPU
		{2A09687E-C765-43EC-9337-AFD40CECD2E8}.Release|ARM.ActiveCfg = Release|ARM
		{2A09687E-C765-43EC-9337-AFD40CECD2E8}.Release|ARM.Build.0 = Release|ARM
		{2A09687E-C765-43EC-9337-AFD40CECD2E8}.Release|ARM.Deploy.0 = Release|ARM
		{2A09687E-C765-43EC-9337-AFD40CECD2E8}.Release|iPhone.ActiveCfg = Release|Any CPU
		{2A09687E-C765-43EC-9337-AFD40CECD2E8}.Release|iPhoneSimulator.ActiveCfg = Release|Any CPU
		{2A09687E-C765-43EC-9337-AFD40CECD2E8}.Release|Mixed Platforms.ActiveCfg = Release|x86
		{2A09687E-C765-43EC-9337-AFD40CECD2E8}.Release|Mixed Platforms.Build.0 = Release|x86
		{2A09687E-C765-43EC-9337-AFD40CECD2E8}.Release|Mixed Platforms.Deploy.0 = Release|x86
		{2A09687E-C765-43EC-9337-AFD40CECD2E8}.Release|x86.ActiveCfg = Release|x86
		{2A09687E-C765-43EC-9337-AFD40CECD2E8}.Release|x86.Build.0 = Release|x86
		{2A09687E-C765-43EC-9337-AFD40CECD2E8}.Release|x86.Deploy.0 = Release|x86
		{9CD1C3A1-48D3-4146-A6E3-B6260F79940B}.Ad-Hoc|Any CPU.ActiveCfg = Release|Any CPU
		{9CD1C3A1-48D3-4146-A6E3-B6260F79940B}.Ad-Hoc|Any CPU.Build.0 = Release|Any CPU
		{9CD1C3A1-48D3-4146-A6E3-B6260F79940B}.Ad-Hoc|ARM.ActiveCfg = Release|Any CPU
		{9CD1C3A1-48D3-4146-A6E3-B6260F79940B}.Ad-Hoc|iPhone.ActiveCfg = Release|Any CPU
		{9CD1C3A1-48D3-4146-A6E3-B6260F79940B}.Ad-Hoc|iPhone.Build.0 = Release|Any CPU
		{9CD1C3A1-48D3-4146-A6E3-B6260F79940B}.Ad-Hoc|iPhoneSimulator.ActiveCfg = Release|Any CPU
		{9CD1C3A1-48D3-4146-A6E3-B6260F79940B}.Ad-Hoc|iPhoneSimulator.Build.0 = Release|Any CPU
		{9CD1C3A1-48D3-4146-A6E3-B6260F79940B}.Ad-Hoc|Mixed Platforms.ActiveCfg = Release|Any CPU
		{9CD1C3A1-48D3-4146-A6E3-B6260F79940B}.Ad-Hoc|Mixed Platforms.Build.0 = Release|Any CPU
		{9CD1C3A1-48D3-4146-A6E3-B6260F79940B}.Ad-Hoc|x86.ActiveCfg = Release|Any CPU
		{9CD1C3A1-48D3-4146-A6E3-B6260F79940B}.AppStore|Any CPU.ActiveCfg = Release|Any CPU
		{9CD1C3A1-48D3-4146-A6E3-B6260F79940B}.AppStore|Any CPU.Build.0 = Release|Any CPU
		{9CD1C3A1-48D3-4146-A6E3-B6260F79940B}.AppStore|ARM.ActiveCfg = Release|Any CPU
		{9CD1C3A1-48D3-4146-A6E3-B6260F79940B}.AppStore|iPhone.ActiveCfg = Release|Any CPU
		{9CD1C3A1-48D3-4146-A6E3-B6260F79940B}.AppStore|iPhone.Build.0 = Release|Any CPU
		{9CD1C3A1-48D3-4146-A6E3-B6260F79940B}.AppStore|iPhoneSimulator.ActiveCfg = Release|Any CPU
		{9CD1C3A1-48D3-4146-A6E3-B6260F79940B}.AppStore|iPhoneSimulator.Build.0 = Release|Any CPU
		{9CD1C3A1-48D3-4146-A6E3-B6260F79940B}.AppStore|Mixed Platforms.ActiveCfg = Release|Any CPU
		{9CD1C3A1-48D3-4146-A6E3-B6260F79940B}.AppStore|Mixed Platforms.Build.0 = Release|Any CPU
		{9CD1C3A1-48D3-4146-A6E3-B6260F79940B}.AppStore|x86.ActiveCfg = Release|Any CPU
		{9CD1C3A1-48D3-4146-A6E3-B6260F79940B}.Debug|Any CPU.ActiveCfg = Debug|Any CPU
		{9CD1C3A1-48D3-4146-A6E3-B6260F79940B}.Debug|Any CPU.Build.0 = Debug|Any CPU
		{9CD1C3A1-48D3-4146-A6E3-B6260F79940B}.Debug|ARM.ActiveCfg = Debug|Any CPU
		{9CD1C3A1-48D3-4146-A6E3-B6260F79940B}.Debug|iPhone.ActiveCfg = Debug|Any CPU
		{9CD1C3A1-48D3-4146-A6E3-B6260F79940B}.Debug|iPhone.Build.0 = Debug|Any CPU
		{9CD1C3A1-48D3-4146-A6E3-B6260F79940B}.Debug|iPhoneSimulator.ActiveCfg = Debug|Any CPU
		{9CD1C3A1-48D3-4146-A6E3-B6260F79940B}.Debug|iPhoneSimulator.Build.0 = Debug|Any CPU
		{9CD1C3A1-48D3-4146-A6E3-B6260F79940B}.Debug|Mixed Platforms.ActiveCfg = Debug|Any CPU
		{9CD1C3A1-48D3-4146-A6E3-B6260F79940B}.Debug|Mixed Platforms.Build.0 = Debug|Any CPU
		{9CD1C3A1-48D3-4146-A6E3-B6260F79940B}.Debug|x86.ActiveCfg = Debug|Any CPU
		{9CD1C3A1-48D3-4146-A6E3-B6260F79940B}.Release|Any CPU.ActiveCfg = Release|Any CPU
		{9CD1C3A1-48D3-4146-A6E3-B6260F79940B}.Release|Any CPU.Build.0 = Release|Any CPU
		{9CD1C3A1-48D3-4146-A6E3-B6260F79940B}.Release|ARM.ActiveCfg = Release|Any CPU
		{9CD1C3A1-48D3-4146-A6E3-B6260F79940B}.Release|iPhone.ActiveCfg = Release|Any CPU
		{9CD1C3A1-48D3-4146-A6E3-B6260F79940B}.Release|iPhone.Build.0 = Release|Any CPU
		{9CD1C3A1-48D3-4146-A6E3-B6260F79940B}.Release|iPhoneSimulator.ActiveCfg = Release|Any CPU
		{9CD1C3A1-48D3-4146-A6E3-B6260F79940B}.Release|iPhoneSimulator.Build.0 = Release|Any CPU
		{9CD1C3A1-48D3-4146-A6E3-B6260F79940B}.Release|Mixed Platforms.ActiveCfg = Release|Any CPU
		{9CD1C3A1-48D3-4146-A6E3-B6260F79940B}.Release|Mixed Platforms.Build.0 = Release|Any CPU
		{9CD1C3A1-48D3-4146-A6E3-B6260F79940B}.Release|x86.ActiveCfg = Release|Any CPU
	EndGlobalSection
	GlobalSection(SolutionProperties) = preSolution
		HideSolutionNode = FALSE
	EndGlobalSection
EndGlobal
